// !$*UTF8*$!
{
	archiveVersion = 1;
	classes = {
	};
	objectVersion = 51;
	objects = {

/* Begin PBXBuildFile section */
		AA67264C677251E0D826D74B /* Pods_RxPlayground.framework in Frameworks */ = {isa = PBXBuildFile; fileRef = FF39028AA9EA4B21FC9C23EA /* Pods_RxPlayground.framework */; };
/* End PBXBuildFile section */

/* Begin PBXFileReference section */
		42F995BF5FD43A3EFCDE3DE2 /* Pods-RxPlayground.release.xcconfig */ = {isa = PBXFileReference; includeInIndex = 1; lastKnownFileType = text.xcconfig; name = "Pods-RxPlayground.release.xcconfig"; path = "Target Support Files/Pods-RxPlayground/Pods-RxPlayground.release.xcconfig"; sourceTree = "<group>"; };
		6D68C4A4CAB49C04956E83C1 /* Pods-RxPlayground.debug.xcconfig */ = {isa = PBXFileReference; includeInIndex = 1; lastKnownFileType = text.xcconfig; name = "Pods-RxPlayground.debug.xcconfig"; path = "Target Support Files/Pods-RxPlayground/Pods-RxPlayground.debug.xcconfig"; sourceTree = "<group>"; };
		FF39028AA9EA4B21FC9C23EA /* Pods_RxPlayground.framework */ = {isa = PBXFileReference; explicitFileType = wrapper.framework; includeInIndex = 0; path = Pods_RxPlayground.framework; sourceTree = BUILT_PRODUCTS_DIR; };
		FF5DDBCF2312E0D3007BE52B /* filter.playground */ = {isa = PBXFileReference; lastKnownFileType = file.playground; path = filter.playground; sourceTree = "<group>"; xcLanguageSpecificationIdentifier = xcode.lang.swift; };
		FF5DDBD02312E0D3007BE52B /* throttle.playground */ = {isa = PBXFileReference; lastKnownFileType = file.playground; path = throttle.playground; sourceTree = "<group>"; xcLanguageSpecificationIdentifier = xcode.lang.swift; };
		FF5DDBD22312E0D3007BE52B /* deferred.playground */ = {isa = PBXFileReference; lastKnownFileType = file.playground; path = deferred.playground; sourceTree = "<group>"; };
		FF5DDBD32312E0D3007BE52B /* generate.playground */ = {isa = PBXFileReference; lastKnownFileType = file.playground; path = generate.playground; sourceTree = "<group>"; };
		FF5DDBD42312E0D3007BE52B /* of.playground */ = {isa = PBXFileReference; lastKnownFileType = file.playground; path = of.playground; sourceTree = "<group>"; };
		FF5DDBD52312E0D3007BE52B /* from.playground */ = {isa = PBXFileReference; lastKnownFileType = file.playground; path = from.playground; sourceTree = "<group>"; };
		FF5DDBD62312E0D3007BE52B /* Create.playground */ = {isa = PBXFileReference; lastKnownFileType = file.playground; path = Create.playground; sourceTree = "<group>"; };
		FF5DDBD72312E143007BE52B /* debounce.playground */ = {isa = PBXFileReference; lastKnownFileType = file.playground; path = debounce.playground; sourceTree = "<group>"; xcLanguageSpecificationIdentifier = xcode.lang.swift; };
		FF5DDBD82312E265007BE52B /* take.playground */ = {isa = PBXFileReference; lastKnownFileType = file.playground; path = take.playground; sourceTree = "<group>"; xcLanguageSpecificationIdentifier = xcode.lang.swift; };
		FF5DDBD92312E2B3007BE52B /* skip.playground */ = {isa = PBXFileReference; lastKnownFileType = file.playground; path = skip.playground; sourceTree = "<group>"; xcLanguageSpecificationIdentifier = xcode.lang.swift; };
		FF5DDBDB2312E356007BE52B /* map.playground */ = {isa = PBXFileReference; lastKnownFileType = file.playground; path = map.playground; sourceTree = "<group>"; xcLanguageSpecificationIdentifier = xcode.lang.swift; };
		FF5DDBDC2312E401007BE52B /* flatmap.playground */ = {isa = PBXFileReference; lastKnownFileType = file.playground; path = flatmap.playground; sourceTree = "<group>"; xcLanguageSpecificationIdentifier = xcode.lang.swift; };
		FF5DDBDD2312E4AF007BE52B /* flatmapFirst.playground */ = {isa = PBXFileReference; lastKnownFileType = file.playground; path = flatmapFirst.playground; sourceTree = "<group>"; xcLanguageSpecificationIdentifier = xcode.lang.swift; };
		FF5DDBDE2312E5F5007BE52B /* flatmapLatest.playground */ = {isa = PBXFileReference; lastKnownFileType = file.playground; path = flatmapLatest.playground; sourceTree = "<group>"; xcLanguageSpecificationIdentifier = xcode.lang.swift; };
		FF5DDBDF2312E7E3007BE52B /* groupBy.playground */ = {isa = PBXFileReference; lastKnownFileType = file.playground; path = groupBy.playground; sourceTree = "<group>"; xcLanguageSpecificationIdentifier = xcode.lang.swift; };
		FFA0578B2310C7CA00F8D5BD /* RxPlayground.app */ = {isa = PBXFileReference; explicitFileType = wrapper.application; includeInIndex = 0; path = RxPlayground.app; sourceTree = BUILT_PRODUCTS_DIR; };
		FFF426C32313729800746087 /* Buffer.playground */ = {isa = PBXFileReference; lastKnownFileType = file.playground; path = Buffer.playground; sourceTree = "<group>"; xcLanguageSpecificationIdentifier = xcode.lang.swift; };
		FFF426C5231373FD00746087 /* window.playground */ = {isa = PBXFileReference; lastKnownFileType = file.playground; path = window.playground; sourceTree = "<group>"; xcLanguageSpecificationIdentifier = xcode.lang.swift; };
		FFF426C72313749C00746087 /* merge.playground */ = {isa = PBXFileReference; lastKnownFileType = file.playground; path = merge.playground; sourceTree = "<group>"; xcLanguageSpecificationIdentifier = xcode.lang.swift; };
		FFF426C8231375BB00746087 /* combineLatest.playground */ = {isa = PBXFileReference; lastKnownFileType = file.playground; path = combineLatest.playground; sourceTree = "<group>"; xcLanguageSpecificationIdentifier = xcode.lang.swift; };
		FFF426C92313771700746087 /* startWith.playground */ = {isa = PBXFileReference; lastKnownFileType = file.playground; path = startWith.playground; sourceTree = "<group>"; xcLanguageSpecificationIdentifier = xcode.lang.swift; };
		FFF426CA2313774300746087 /* zip.playground */ = {isa = PBXFileReference; lastKnownFileType = file.playground; path = zip.playground; sourceTree = "<group>"; xcLanguageSpecificationIdentifier = xcode.lang.swift; };
		FFF426CB2313784D00746087 /* switchLatest.playground */ = {isa = PBXFileReference; lastKnownFileType = file.playground; path = switchLatest.playground; sourceTree = "<group>"; xcLanguageSpecificationIdentifier = xcode.lang.swift; };
		FFF426CC2313795E00746087 /* RxPlayground.playground */ = {isa = PBXFileReference; lastKnownFileType = file.playground; path = RxPlayground.playground; sourceTree = "<group>"; xcLanguageSpecificationIdentifier = xcode.lang.swift; };
/* End PBXFileReference section */

/* Begin PBXFrameworksBuildPhase section */
		FFA057882310C7CA00F8D5BD /* Frameworks */ = {
			isa = PBXFrameworksBuildPhase;
			buildActionMask = 2147483647;
			files = (
				AA67264C677251E0D826D74B /* Pods_RxPlayground.framework in Frameworks */,
			);
			runOnlyForDeploymentPostprocessing = 0;
		};
/* End PBXFrameworksBuildPhase section */

/* Begin PBXGroup section */
		1FF1756B33B1B5F393082A6C /* Frameworks */ = {
			isa = PBXGroup;
			children = (
				FF39028AA9EA4B21FC9C23EA /* Pods_RxPlayground.framework */,
			);
			name = Frameworks;
			sourceTree = "<group>";
		};
		2574DD10874FA318115A7CD2 /* Pods */ = {
			isa = PBXGroup;
			children = (
				6D68C4A4CAB49C04956E83C1 /* Pods-RxPlayground.debug.xcconfig */,
				42F995BF5FD43A3EFCDE3DE2 /* Pods-RxPlayground.release.xcconfig */,
			);
			path = Pods;
			sourceTree = "<group>";
		};
		FF5DDBCD2312E0D3007BE52B /* RxExample */ = {
			isa = PBXGroup;
			children = (
				FFF426C62313748700746087 /* Combining */,
				FF5DDBDA2312E2ED007BE52B /* Transforming */,
				FF5DDBCE2312E0D3007BE52B /* Filtering */,
				FF5DDBD12312E0D3007BE52B /* Creating */,
				FFF426CC2313795E00746087 /* RxPlayground.playground */,
			);
			path = RxExample;
			sourceTree = "<group>";
		};
		FF5DDBCE2312E0D3007BE52B /* Filtering */ = {
			isa = PBXGroup;
			children = (
				FF5DDBCF2312E0D3007BE52B /* filter.playground */,
				FF5DDBD02312E0D3007BE52B /* throttle.playground */,
				FF5DDBD72312E143007BE52B /* debounce.playground */,
				FF5DDBD82312E265007BE52B /* take.playground */,
				FF5DDBD92312E2B3007BE52B /* skip.playground */,
			);
			path = Filtering;
			sourceTree = "<group>";
		};
		FF5DDBD12312E0D3007BE52B /* Creating */ = {
			isa = PBXGroup;
			children = (
				FF5DDBD22312E0D3007BE52B /* deferred.playground */,
				FF5DDBD32312E0D3007BE52B /* generate.playground */,
				FF5DDBD42312E0D3007BE52B /* of.playground */,
				FF5DDBD52312E0D3007BE52B /* from.playground */,
				FF5DDBD62312E0D3007BE52B /* Create.playground */,
			);
			path = Creating;
			sourceTree = "<group>";
		};
		FF5DDBDA2312E2ED007BE52B /* Transforming */ = {
			isa = PBXGroup;
			children = (
				FF5DDBDB2312E356007BE52B /* map.playground */,
				FF5DDBDC2312E401007BE52B /* flatmap.playground */,
				FF5DDBDD2312E4AF007BE52B /* flatmapFirst.playground */,
				FF5DDBDE2312E5F5007BE52B /* flatmapLatest.playground */,
				FF5DDBDF2312E7E3007BE52B /* groupBy.playground */,
				FFF426C32313729800746087 /* Buffer.playground */,
				FFF426C5231373FD00746087 /* window.playground */,
			);
			path = Transforming;
			sourceTree = "<group>";
		};
		FFA057822310C7CA00F8D5BD = {
			isa = PBXGroup;
			children = (
				FF5DDBCD2312E0D3007BE52B /* RxExample */,
				FFA0578C2310C7CA00F8D5BD /* Products */,
				2574DD10874FA318115A7CD2 /* Pods */,
				1FF1756B33B1B5F393082A6C /* Frameworks */,
			);
			sourceTree = "<group>";
		};
		FFA0578C2310C7CA00F8D5BD /* Products */ = {
			isa = PBXGroup;
			children = (
				FFA0578B2310C7CA00F8D5BD /* RxPlayground.app */,
			);
			name = Products;
			sourceTree = "<group>";
		};
		FFF426C62313748700746087 /* Combining */ = {
			isa = PBXGroup;
			children = (
				FFF426C72313749C00746087 /* merge.playground */,
				FFF426C8231375BB00746087 /* combineLatest.playground */,
				FFF426C92313771700746087 /* startWith.playground */,
				FFF426CA2313774300746087 /* zip.playground */,
				FFF426CB2313784D00746087 /* switchLatest.playground */,
			);
			path = Combining;
			sourceTree = "<group>";
		};
/* End PBXGroup section */

/* Begin PBXNativeTarget section */
		FFA0578A2310C7CA00F8D5BD /* RxPlayground */ = {
			isa = PBXNativeTarget;
			buildConfigurationList = FFA0579D2310C7CE00F8D5BD /* Build configuration list for PBXNativeTarget "RxPlayground" */;
			buildPhases = (
				8D25467DCFAC8D62DBE55852 /* [CP] Check Pods Manifest.lock */,
				FFA057872310C7CA00F8D5BD /* Sources */,
				FFA057882310C7CA00F8D5BD /* Frameworks */,
				FFA057892310C7CA00F8D5BD /* Resources */,
				DC9C099DE52E99571434C79D /* [CP] Embed Pods Frameworks */,
			);
			buildRules = (
			);
			dependencies = (
			);
			name = RxPlayground;
			productName = RxPlayground;
			productReference = FFA0578B2310C7CA00F8D5BD /* RxPlayground.app */;
			productType = "com.apple.product-type.application";
		};
/* End PBXNativeTarget section */

/* Begin PBXProject section */
		FFA057832310C7CA00F8D5BD /* Project object */ = {
			isa = PBXProject;
			attributes = {
				LastSwiftUpdateCheck = 1030;
				LastUpgradeCheck = 1030;
				ORGANIZATIONNAME = "조수환";
				TargetAttributes = {
					FFA0578A2310C7CA00F8D5BD = {
						CreatedOnToolsVersion = 10.3;
					};
				};
			};
			buildConfigurationList = FFA057862310C7CA00F8D5BD /* Build configuration list for PBXProject "RxPlayground" */;
			compatibilityVersion = "Xcode 9.3";
			developmentRegion = en;
			hasScannedForEncodings = 0;
			knownRegions = (
				en,
				Base,
			);
			mainGroup = FFA057822310C7CA00F8D5BD;
			productRefGroup = FFA0578C2310C7CA00F8D5BD /* Products */;
			projectDirPath = "";
			projectRoot = "";
			targets = (
				FFA0578A2310C7CA00F8D5BD /* RxPlayground */,
			);
		};
/* End PBXProject section */

/* Begin PBXResourcesBuildPhase section */
		FFA057892310C7CA00F8D5BD /* Resources */ = {
			isa = PBXResourcesBuildPhase;
			buildActionMask = 2147483647;
			files = (
			);
			runOnlyForDeploymentPostprocessing = 0;
		};
/* End PBXResourcesBuildPhase section */

/* Begin PBXShellScriptBuildPhase section */
		8D25467DCFAC8D62DBE55852 /* [CP] Check Pods Manifest.lock */ = {
			isa = PBXShellScriptBuildPhase;
			buildActionMask = 2147483647;
			files = (
			);
			inputFileListPaths = (
			);
			inputPaths = (
				"${PODS_PODFILE_DIR_PATH}/Podfile.lock",
				"${PODS_ROOT}/Manifest.lock",
			);
			name = "[CP] Check Pods Manifest.lock";
			outputFileListPaths = (
			);
			outputPaths = (
				"$(DERIVED_FILE_DIR)/Pods-RxPlayground-checkManifestLockResult.txt",
			);
			runOnlyForDeploymentPostprocessing = 0;
			shellPath = /bin/sh;
			shellScript = "diff \"${PODS_PODFILE_DIR_PATH}/Podfile.lock\" \"${PODS_ROOT}/Manifest.lock\" > /dev/null\nif [ $? != 0 ] ; then\n    # print error to STDERR\n    echo \"error: The sandbox is not in sync with the Podfile.lock. Run 'pod install' or update your CocoaPods installation.\" >&2\n    exit 1\nfi\n# This output is used by Xcode 'outputs' to avoid re-running this script phase.\necho \"SUCCESS\" > \"${SCRIPT_OUTPUT_FILE_0}\"\n";
			showEnvVarsInLog = 0;
		};
		DC9C099DE52E99571434C79D /* [CP] Embed Pods Frameworks */ = {
			isa = PBXShellScriptBuildPhase;
			buildActionMask = 2147483647;
			files = (
			);
			inputFileListPaths = (
				"${PODS_ROOT}/Target Support Files/Pods-RxPlayground/Pods-RxPlayground-frameworks-${CONFIGURATION}-input-files.xcfilelist",
			);
			name = "[CP] Embed Pods Frameworks";
			outputFileListPaths = (
				"${PODS_ROOT}/Target Support Files/Pods-RxPlayground/Pods-RxPlayground-frameworks-${CONFIGURATION}-output-files.xcfilelist",
			);
			runOnlyForDeploymentPostprocessing = 0;
			shellPath = /bin/sh;
			shellScript = "\"${PODS_ROOT}/Target Support Files/Pods-RxPlayground/Pods-RxPlayground-frameworks.sh\"\n";
			showEnvVarsInLog = 0;
		};
/* End PBXShellScriptBuildPhase section */

/* Begin PBXSourcesBuildPhase section */
		FFA057872310C7CA00F8D5BD /* Sources */ = {
			isa = PBXSourcesBuildPhase;
			buildActionMask = 2147483647;
			files = (
			);
			runOnlyForDeploymentPostprocessing = 0;
		};
/* End PBXSourcesBuildPhase section */

/* Begin XCBuildConfiguration section */
		FFA0579B2310C7CE00F8D5BD /* Debug */ = {
			isa = XCBuildConfiguration;
			buildSettings = {
				ALWAYS_SEARCH_USER_PATHS = NO;
				CLANG_ANALYZER_NONNULL = YES;
				CLANG_ANALYZER_NUMBER_OBJECT_CONVERSION = YES_AGGRESSIVE;
				CLANG_CXX_LANGUAGE_STANDARD = "gnu++14";
				CLANG_CXX_LIBRARY = "libc++";
				CLANG_ENABLE_MODULES = YES;
				CLANG_ENABLE_OBJC_ARC = YES;
				CLANG_ENABLE_OBJC_WEAK = YES;
				CLANG_WARN_BLOCK_CAPTURE_AUTORELEASING = YES;
				CLANG_WARN_BOOL_CONVERSION = YES;
				CLANG_WARN_COMMA = YES;
				CLANG_WARN_CONSTANT_CONVERSION = YES;
				CLANG_WARN_DEPRECATED_OBJC_IMPLEMENTATIONS = YES;
				CLANG_WARN_DIRECT_OBJC_ISA_USAGE = YES_ERROR;
				CLANG_WARN_DOCUMENTATION_COMMENTS = YES;
				CLANG_WARN_EMPTY_BODY = YES;
				CLANG_WARN_ENUM_CONVERSION = YES;
				CLANG_WARN_INFINITE_RECURSION = YES;
				CLANG_WARN_INT_CONVERSION = YES;
				CLANG_WARN_NON_LITERAL_NULL_CONVERSION = YES;
				CLANG_WARN_OBJC_IMPLICIT_RETAIN_SELF = YES;
				CLANG_WARN_OBJC_LITERAL_CONVERSION = YES;
				CLANG_WARN_OBJC_ROOT_CLASS = YES_ERROR;
				CLANG_WARN_RANGE_LOOP_ANALYSIS = YES;
				CLANG_WARN_STRICT_PROTOTYPES = YES;
				CLANG_WARN_SUSPICIOUS_MOVE = YES;
				CLANG_WARN_UNGUARDED_AVAILABILITY = YES_AGGRESSIVE;
				CLANG_WARN_UNREACHABLE_CODE = YES;
				CLANG_WARN__DUPLICATE_METHOD_MATCH = YES;
				CODE_SIGN_IDENTITY = "iPhone Developer";
				COPY_PHASE_STRIP = NO;
				DEBUG_INFORMATION_FORMAT = dwarf;
				ENABLE_STRICT_OBJC_MSGSEND = YES;
				ENABLE_TESTABILITY = YES;
				GCC_C_LANGUAGE_STANDARD = gnu11;
				GCC_DYNAMIC_NO_PIC = NO;
				GCC_NO_COMMON_BLOCKS = YES;
				GCC_OPTIMIZATION_LEVEL = 0;
				GCC_PREPROCESSOR_DEFINITIONS = (
					"DEBUG=1",
					"$(inherited)",
				);
				GCC_WARN_64_TO_32_BIT_CONVERSION = YES;
				GCC_WARN_ABOUT_RETURN_TYPE = YES_ERROR;
				GCC_WARN_UNDECLARED_SELECTOR = YES;
				GCC_WARN_UNINITIALIZED_AUTOS = YES_AGGRESSIVE;
				GCC_WARN_UNUSED_FUNCTION = YES;
				GCC_WARN_UNUSED_VARIABLE = YES;
				IPHONEOS_DEPLOYMENT_TARGET = 12.4;
				MTL_ENABLE_DEBUG_INFO = INCLUDE_SOURCE;
				MTL_FAST_MATH = YES;
				ONLY_ACTIVE_ARCH = YES;
				SDKROOT = iphoneos;
				SWIFT_ACTIVE_COMPILATION_CONDITIONS = DEBUG;
				SWIFT_OPTIMIZATION_LEVEL = "-Onone";
			};
			name = Debug;
		};
		FFA0579C2310C7CE00F8D5BD /* Release */ = {
			isa = XCBuildConfiguration;
			buildSettings = {
				ALWAYS_SEARCH_USER_PATHS = NO;
				CLANG_ANALYZER_NONNULL = YES;
				CLANG_ANALYZER_NUMBER_OBJECT_CONVERSION = YES_AGGRESSIVE;
				CLANG_CXX_LANGUAGE_STANDARD = "gnu++14";
				CLANG_CXX_LIBRARY = "libc++";
				CLANG_ENABLE_MODULES = YES;
				CLANG_ENABLE_OBJC_ARC = YES;
				CLANG_ENABLE_OBJC_WEAK = YES;
				CLANG_WARN_BLOCK_CAPTURE_AUTORELEASING = YES;
				CLANG_WARN_BOOL_CONVERSION = YES;
				CLANG_WARN_COMMA = YES;
				CLANG_WARN_CONSTANT_CONVERSION = YES;
				CLANG_WARN_DEPRECATED_OBJC_IMPLEMENTATIONS = YES;
				CLANG_WARN_DIRECT_OBJC_ISA_USAGE = YES_ERROR;
				CLANG_WARN_DOCUMENTATION_COMMENTS = YES;
				CLANG_WARN_EMPTY_BODY = YES;
				CLANG_WARN_ENUM_CONVERSION = YES;
				CLANG_WARN_INFINITE_RECURSION = YES;
				CLANG_WARN_INT_CONVERSION = YES;
				CLANG_WARN_NON_LITERAL_NULL_CONVERSION = YES;
				CLANG_WARN_OBJC_IMPLICIT_RETAIN_SELF = YES;
				CLANG_WARN_OBJC_LITERAL_CONVERSION = YES;
				CLANG_WARN_OBJC_ROOT_CLASS = YES_ERROR;
				CLANG_WARN_RANGE_LOOP_ANALYSIS = YES;
				CLANG_WARN_STRICT_PROTOTYPES = YES;
				CLANG_WARN_SUSPICIOUS_MOVE = YES;
				CLANG_WARN_UNGUARDED_AVAILABILITY = YES_AGGRESSIVE;
				CLANG_WARN_UNREACHABLE_CODE = YES;
				CLANG_WARN__DUPLICATE_METHOD_MATCH = YES;
				CODE_SIGN_IDENTITY = "iPhone Developer";
				COPY_PHASE_STRIP = NO;
				DEBUG_INFORMATION_FORMAT = "dwarf-with-dsym";
				ENABLE_NS_ASSERTIONS = NO;
				ENABLE_STRICT_OBJC_MSGSEND = YES;
				GCC_C_LANGUAGE_STANDARD = gnu11;
				GCC_NO_COMMON_BLOCKS = YES;
				GCC_WARN_64_TO_32_BIT_CONVERSION = YES;
				GCC_WARN_ABOUT_RETURN_TYPE = YES_ERROR;
				GCC_WARN_UNDECLARED_SELECTOR = YES;
				GCC_WARN_UNINITIALIZED_AUTOS = YES_AGGRESSIVE;
				GCC_WARN_UNUSED_FUNCTION = YES;
				GCC_WARN_UNUSED_VARIABLE = YES;
				IPHONEOS_DEPLOYMENT_TARGET = 12.4;
				MTL_ENABLE_DEBUG_INFO = NO;
				MTL_FAST_MATH = YES;
				SDKROOT = iphoneos;
				SWIFT_COMPILATION_MODE = wholemodule;
				SWIFT_OPTIMIZATION_LEVEL = "-O";
				VALIDATE_PRODUCT = YES;
			};
			name = Release;
		};
		FFA0579E2310C7CE00F8D5BD /* Debug */ = {
			isa = XCBuildConfiguration;
			baseConfigurationReference = 6D68C4A4CAB49C04956E83C1 /* Pods-RxPlayground.debug.xcconfig */;
			buildSettings = {
				ASSETCATALOG_COMPILER_APPICON_NAME = AppIcon;
				CODE_SIGN_STYLE = Automatic;
				DEVELOPMENT_TEAM = TNJ2M3BZTY;
				INFOPLIST_FILE = RxPlayground/Info.plist;
				LD_RUNPATH_SEARCH_PATHS = (
					"$(inherited)",
					"@executable_path/Frameworks",
				);
				PRODUCT_BUNDLE_IDENTIFIER = SoohwanCho.RxPlayground;
				PRODUCT_NAME = "$(TARGET_NAME)";
				SWIFT_VERSION = 5.0;
				TARGETED_DEVICE_FAMILY = "1,2";
			};
			name = Debug;
		};
		FFA0579F2310C7CE00F8D5BD /* Release */ = {
			isa = XCBuildConfiguration;
			baseConfigurationReference = 42F995BF5FD43A3EFCDE3DE2 /* Pods-RxPlayground.release.xcconfig */;
			buildSettings = {
				ASSETCATALOG_COMPILER_APPICON_NAME = AppIcon;
				CODE_SIGN_STYLE = Automatic;
				DEVELOPMENT_TEAM = TNJ2M3BZTY;
				INFOPLIST_FILE = RxPlayground/Info.plist;
				LD_RUNPATH_SEARCH_PATHS = (
					"$(inherited)",
					"@executable_path/Frameworks",
				);
				PRODUCT_BUNDLE_IDENTIFIER = SoohwanCho.RxPlayground;
				PRODUCT_NAME = "$(TARGET_NAME)";
				SWIFT_VERSION = 5.0;
				TARGETED_DEVICE_FAMILY = "1,2";
			};
			name = Release;
		};
/* End XCBuildConfiguration section */

/* Begin XCConfigurationList section */
		FFA057862310C7CA00F8D5BD /* Build configuration list for PBXProject "RxPlayground" */ = {
			isa = XCConfigurationList;
			buildConfigurations = (
				FFA0579B2310C7CE00F8D5BD /* Debug */,
				FFA0579C2310C7CE00F8D5BD /* Release */,
			);
			defaultConfigurationIsVisible = 0;
			defaultConfigurationName = Release;
		};
		FFA0579D2310C7CE00F8D5BD /* Build configuration list for PBXNativeTarget "RxPlayground" */ = {
			isa = XCConfigurationList;
			buildConfigurations = (
				FFA0579E2310C7CE00F8D5BD /* Debug */,
				FFA0579F2310C7CE00F8D5BD /* Release */,
			);
			defaultConfigurationIsVisible = 0;
			defaultConfigurationName = Release;
		};
/* End XCConfigurationList section */
	};
	rootObject = FFA057832310C7CA00F8D5BD /* Project object */;
}
